
Microsoft Visual Studio Solution File, Format Version 12.00
# Visual Studio 15
VisualStudioVersion = 15.0.26430.6
MinimumVisualStudioVersion = 10.0.40219.1
Project("{F2A71F9B-5D33-465A-A702-920D77279786}") = "HanabiGuru.Engine.Tests", "HanabiGuru.Engine.Tests\HanabiGuru.Engine.Tests.fsproj", "{C80B5CB6-BC8D-4483-BD3D-146B648CB238}"
EndProject
Project("{F2A71F9B-5D33-465A-A702-920D77279786}") = "HanabiGuru.Engine", "HanabiGuru.Engine\HanabiGuru.Engine.fsproj", "{D6FF7518-5FA5-4964-A778-347CDA8FD4D8}"
EndProject
Project("{F2A71F9B-5D33-465A-A702-920D77279786}") = "HanabiGuru.Client.Console", "HanabiGuru.Client.Console\HanabiGuru.Client.Console.fsproj", "{8B3F8F10-37AC-4D45-9E36-342755F63271}"
EndProject
Global
	GlobalSection(SolutionConfigurationPlatforms) = preSolution
		Debug|Any CPU = Debug|Any CPU
		Release|Any CPU = Release|Any CPU
	EndGlobalSection
	GlobalSection(ProjectConfigurationPlatforms) = postSolution
		{C80B5CB6-BC8D-4483-BD3D-146B648CB238}.Debug|Any CPU.ActiveCfg = Debug|Any CPU
		{C80B5CB6-BC8D-4483-BD3D-146B648CB238}.Debug|Any CPU.Build.0 = Debug|Any CPU
		{C80B5CB6-BC8D-4483-BD3D-146B648CB238}.Release|Any CPU.ActiveCfg = Release|Any CPU
		{C80B5CB6-BC8D-4483-BD3D-146B648CB238}.Release|Any CPU.Build.0 = Release|Any CPU
		{D6FF7518-5FA5-4964-A778-347CDA8FD4D8}.Debug|Any CPU.ActiveCfg = Debug|Any CPU
		{D6FF7518-5FA5-4964-A778-347CDA8FD4D8}.Debug|Any CPU.Build.0 = Debug|Any CPU
		{D6FF7518-5FA5-4964-A778-347CDA8FD4D8}.Release|Any CPU.ActiveCfg = Release|Any CPU
		{D6FF7518-5FA5-4964-A778-347CDA8FD4D8}.Release|Any CPU.Build.0 = Release|Any CPU
		{8B3F8F10-37AC-4D45-9E36-342755F63271}.Debug|Any CPU.ActiveCfg = Debug|Any CPU
		{8B3F8F10-37AC-4D45-9E36-342755F63271}.Debug|Any CPU.Build.0 = Debug|Any CPU
		{8B3F8F10-37AC-4D45-9E36-342755F63271}.Release|Any CPU.ActiveCfg = Release|Any CPU
		{8B3F8F10-37AC-4D45-9E36-342755F63271}.Release|Any CPU.Build.0 = Release|Any CPU
	EndGlobalSection
	GlobalSection(SolutionProperties) = preSolution
		HideSolutionNode = FALSE
	EndGlobalSection
EndGlobal
